// !$*UTF8*$!
{
	archiveVersion = 1;
	classes = {
	};
	objectVersion = 56;
	objects = {

/* Begin PBXBuildFile section */
		8E37E4742AA76882008EE976 /* URL+Extensions.swift in Sources */ = {isa = PBXBuildFile; fileRef = 8E37E4732AA76882008EE976 /* URL+Extensions.swift */; };
		8E37E4772AA9B4D6008EE976 /* Adjust in Frameworks */ = {isa = PBXBuildFile; productRef = 8E37E4762AA9B4D6008EE976 /* Adjust */; };
		8E37E4792AA9B4D6008EE976 /* Criteo in Frameworks */ = {isa = PBXBuildFile; productRef = 8E37E4782AA9B4D6008EE976 /* Criteo */; };
		8E37E47B2AA9B4D6008EE976 /* Sociomantic in Frameworks */ = {isa = PBXBuildFile; productRef = 8E37E47A2AA9B4D6008EE976 /* Sociomantic */; };
		8E37E47D2AA9B4D6008EE976 /* Trademob in Frameworks */ = {isa = PBXBuildFile; productRef = 8E37E47C2AA9B4D6008EE976 /* Trademob */; };
		8E37E47F2AA9B4D6008EE976 /* WebBridge in Frameworks */ = {isa = PBXBuildFile; productRef = 8E37E47E2AA9B4D6008EE976 /* WebBridge */; };
		8E57A2232AA45A04000BDCD3 /* FileListViewController.swift in Sources */ = {isa = PBXBuildFile; fileRef = 8E57A2222AA45A04000BDCD3 /* FileListViewController.swift */; };
		8E57A2252AA45A43000BDCD3 /* FileListViewModel.swift in Sources */ = {isa = PBXBuildFile; fileRef = 8E57A2242AA45A43000BDCD3 /* FileListViewModel.swift */; };
		8E57A2272AA4FD30000BDCD3 /* FileCell.xib in Resources */ = {isa = PBXBuildFile; fileRef = 8E57A2262AA4FD30000BDCD3 /* FileCell.xib */; };
		8E57A2292AA4FF31000BDCD3 /* FileCell.swift in Sources */ = {isa = PBXBuildFile; fileRef = 8E57A2282AA4FF31000BDCD3 /* FileCell.swift */; };
		8E57A22B2AA50434000BDCD3 /* GSImageViewerController.swift in Sources */ = {isa = PBXBuildFile; fileRef = 8E57A22A2AA50434000BDCD3 /* GSImageViewerController.swift */; };
		8E75C39B2AA1AADA003AF74C /* AppDelegate.swift in Sources */ = {isa = PBXBuildFile; fileRef = 8E75C39A2AA1AADA003AF74C /* AppDelegate.swift */; };
		8E75C39D2AA1AADA003AF74C /* SceneDelegate.swift in Sources */ = {isa = PBXBuildFile; fileRef = 8E75C39C2AA1AADA003AF74C /* SceneDelegate.swift */; };
		8E75C39F2AA1AADA003AF74C /* ViewController.swift in Sources */ = {isa = PBXBuildFile; fileRef = 8E75C39E2AA1AADA003AF74C /* ViewController.swift */; };
		8E75C3A22AA1AADA003AF74C /* Main.storyboard in Resources */ = {isa = PBXBuildFile; fileRef = 8E75C3A02AA1AADA003AF74C /* Main.storyboard */; };
		8E75C3A42AA1AADB003AF74C /* Assets.xcassets in Resources */ = {isa = PBXBuildFile; fileRef = 8E75C3A32AA1AADB003AF74C /* Assets.xcassets */; };
		8E75C3A72AA1AADB003AF74C /* LaunchScreen.storyboard in Resources */ = {isa = PBXBuildFile; fileRef = 8E75C3A52AA1AADB003AF74C /* LaunchScreen.storyboard */; };
		8E75C3B02AA1AD76003AF74C /* SwiftyDropbox in Frameworks */ = {isa = PBXBuildFile; productRef = 8E75C3AF2AA1AD76003AF74C /* SwiftyDropbox */; };
		8E75C3B22AA1B0D4003AF74C /* DropBoxManager.swift in Sources */ = {isa = PBXBuildFile; fileRef = 8E75C3B12AA1B0D4003AF74C /* DropBoxManager.swift */; };
/* End PBXBuildFile section */

/* Begin PBXFileReference section */
		8E37E4732AA76882008EE976 /* URL+Extensions.swift */ = {isa = PBXFileReference; lastKnownFileType = sourcecode.swift; path = "URL+Extensions.swift"; sourceTree = "<group>"; };
		8E57A2222AA45A04000BDCD3 /* FileListViewController.swift */ = {isa = PBXFileReference; lastKnownFileType = sourcecode.swift; path = FileListViewController.swift; sourceTree = "<group>"; };
		8E57A2242AA45A43000BDCD3 /* FileListViewModel.swift */ = {isa = PBXFileReference; lastKnownFileType = sourcecode.swift; path = FileListViewModel.swift; sourceTree = "<group>"; };
		8E57A2262AA4FD30000BDCD3 /* FileCell.xib */ = {isa = PBXFileReference; lastKnownFileType = file.xib; path = FileCell.xib; sourceTree = "<group>"; };
		8E57A2282AA4FF31000BDCD3 /* FileCell.swift */ = {isa = PBXFileReference; lastKnownFileType = sourcecode.swift; path = FileCell.swift; sourceTree = "<group>"; };
		8E57A22A2AA50434000BDCD3 /* GSImageViewerController.swift */ = {isa = PBXFileReference; fileEncoding = 4; lastKnownFileType = sourcecode.swift; path = GSImageViewerController.swift; sourceTree = "<group>"; };
		8E75C3972AA1AADA003AF74C /* Media_viewer.app */ = {isa = PBXFileReference; explicitFileType = wrapper.application; includeInIndex = 0; path = Media_viewer.app; sourceTree = BUILT_PRODUCTS_DIR; };
		8E75C39A2AA1AADA003AF74C /* AppDelegate.swift */ = {isa = PBXFileReference; lastKnownFileType = sourcecode.swift; path = AppDelegate.swift; sourceTree = "<group>"; };
		8E75C39C2AA1AADA003AF74C /* SceneDelegate.swift */ = {isa = PBXFileReference; lastKnownFileType = sourcecode.swift; path = SceneDelegate.swift; sourceTree = "<group>"; };
		8E75C39E2AA1AADA003AF74C /* ViewController.swift */ = {isa = PBXFileReference; lastKnownFileType = sourcecode.swift; path = ViewController.swift; sourceTree = "<group>"; };
		8E75C3A12AA1AADA003AF74C /* Base */ = {isa = PBXFileReference; lastKnownFileType = file.storyboard; name = Base; path = Base.lproj/Main.storyboard; sourceTree = "<group>"; };
		8E75C3A32AA1AADB003AF74C /* Assets.xcassets */ = {isa = PBXFileReference; lastKnownFileType = folder.assetcatalog; path = Assets.xcassets; sourceTree = "<group>"; };
		8E75C3A62AA1AADB003AF74C /* Base */ = {isa = PBXFileReference; lastKnownFileType = file.storyboard; name = Base; path = Base.lproj/LaunchScreen.storyboard; sourceTree = "<group>"; };
		8E75C3A82AA1AADB003AF74C /* Info.plist */ = {isa = PBXFileReference; lastKnownFileType = text.plist.xml; path = Info.plist; sourceTree = "<group>"; };
		8E75C3B12AA1B0D4003AF74C /* DropBoxManager.swift */ = {isa = PBXFileReference; lastKnownFileType = sourcecode.swift; path = DropBoxManager.swift; sourceTree = "<group>"; };
/* End PBXFileReference section */

/* Begin PBXFrameworksBuildPhase section */
		8E75C3942AA1AADA003AF74C /* Frameworks */ = {
			isa = PBXFrameworksBuildPhase;
			buildActionMask = 2147483647;
			files = (
				8E37E47F2AA9B4D6008EE976 /* WebBridge in Frameworks */,
				8E37E47B2AA9B4D6008EE976 /* Sociomantic in Frameworks */,
				8E75C3B02AA1AD76003AF74C /* SwiftyDropbox in Frameworks */,
				8E37E47D2AA9B4D6008EE976 /* Trademob in Frameworks */,
				8E37E4792AA9B4D6008EE976 /* Criteo in Frameworks */,
				8E37E4772AA9B4D6008EE976 /* Adjust in Frameworks */,
			);
			runOnlyForDeploymentPostprocessing = 0;
		};
/* End PBXFrameworksBuildPhase section */

/* Begin PBXGroup section */
		8E75C38E2AA1AADA003AF74C = {
			isa = PBXGroup;
			children = (
				8E75C3992AA1AADA003AF74C /* Media_viewer */,
				8E75C3982AA1AADA003AF74C /* Products */,
			);
			sourceTree = "<group>";
		};
		8E75C3982AA1AADA003AF74C /* Products */ = {
			isa = PBXGroup;
			children = (
				8E75C3972AA1AADA003AF74C /* Media_viewer.app */,
			);
			name = Products;
			sourceTree = "<group>";
		};
		8E75C3992AA1AADA003AF74C /* Media_viewer */ = {
			isa = PBXGroup;
			children = (
				8E75C39A2AA1AADA003AF74C /* AppDelegate.swift */,
				8E75C39C2AA1AADA003AF74C /* SceneDelegate.swift */,
				8E75C39E2AA1AADA003AF74C /* ViewController.swift */,
				8E75C3B12AA1B0D4003AF74C /* DropBoxManager.swift */,
				8E57A22A2AA50434000BDCD3 /* GSImageViewerController.swift */,
				8E57A2222AA45A04000BDCD3 /* FileListViewController.swift */,
				8E57A2242AA45A43000BDCD3 /* FileListViewModel.swift */,
				8E57A2262AA4FD30000BDCD3 /* FileCell.xib */,
				8E57A2282AA4FF31000BDCD3 /* FileCell.swift */,
				8E37E4732AA76882008EE976 /* URL+Extensions.swift */,
				8E75C3A02AA1AADA003AF74C /* Main.storyboard */,
				8E75C3A32AA1AADB003AF74C /* Assets.xcassets */,
				8E75C3A52AA1AADB003AF74C /* LaunchScreen.storyboard */,
				8E75C3A82AA1AADB003AF74C /* Info.plist */,
			);
			path = Media_viewer;
			sourceTree = "<group>";
		};
/* End PBXGroup section */

/* Begin PBXNativeTarget section */
		8E75C3962AA1AADA003AF74C /* Media_viewer */ = {
			isa = PBXNativeTarget;
			buildConfigurationList = 8E75C3AB2AA1AADB003AF74C /* Build configuration list for PBXNativeTarget "Media_viewer" */;
			buildPhases = (
				8E75C3932AA1AADA003AF74C /* Sources */,
				8E75C3942AA1AADA003AF74C /* Frameworks */,
				8E75C3952AA1AADA003AF74C /* Resources */,
			);
			buildRules = (
			);
			dependencies = (
			);
			name = Media_viewer;
			packageProductDependencies = (
				8E75C3AF2AA1AD76003AF74C /* SwiftyDropbox */,
				8E37E4762AA9B4D6008EE976 /* Adjust */,
				8E37E4782AA9B4D6008EE976 /* Criteo */,
				8E37E47A2AA9B4D6008EE976 /* Sociomantic */,
				8E37E47C2AA9B4D6008EE976 /* Trademob */,
				8E37E47E2AA9B4D6008EE976 /* WebBridge */,
			);
			productName = Media_viewer;
			productReference = 8E75C3972AA1AADA003AF74C /* Media_viewer.app */;
			productType = "com.apple.product-type.application";
		};
/* End PBXNativeTarget section */

/* Begin PBXProject section */
		8E75C38F2AA1AADA003AF74C /* Project object */ = {
			isa = PBXProject;
			attributes = {
				BuildIndependentTargetsInParallel = 1;
				LastSwiftUpdateCheck = 1430;
				LastUpgradeCheck = 1430;
				TargetAttributes = {
					8E75C3962AA1AADA003AF74C = {
						CreatedOnToolsVersion = 14.3.1;
					};
				};
			};
			buildConfigurationList = 8E75C3922AA1AADA003AF74C /* Build configuration list for PBXProject "Media_viewer" */;
			compatibilityVersion = "Xcode 14.0";
			developmentRegion = en;
			hasScannedForEncodings = 0;
			knownRegions = (
				en,
				Base,
			);
			mainGroup = 8E75C38E2AA1AADA003AF74C;
			packageReferences = (
				8E75C3AE2AA1AD76003AF74C /* XCRemoteSwiftPackageReference "SwiftyDropbox" */,
				8E37E4752AA9B4D6008EE976 /* XCRemoteSwiftPackageReference "ios_sdk" */,
			);
			productRefGroup = 8E75C3982AA1AADA003AF74C /* Products */;
			projectDirPath = "";
			projectRoot = "";
			targets = (
				8E75C3962AA1AADA003AF74C /* Media_viewer */,
			);
		};
/* End PBXProject section */

/* Begin PBXResourcesBuildPhase section */
		8E75C3952AA1AADA003AF74C /* Resources */ = {
			isa = PBXResourcesBuildPhase;
			buildActionMask = 2147483647;
			files = (
				8E75C3A72AA1AADB003AF74C /* LaunchScreen.storyboard in Resources */,
				8E57A2272AA4FD30000BDCD3 /* FileCell.xib in Resources */,
				8E75C3A42AA1AADB003AF74C /* Assets.xcassets in Resources */,
				8E75C3A22AA1AADA003AF74C /* Main.storyboard in Resources */,
			);
			runOnlyForDeploymentPostprocessing = 0;
		};
/* End PBXResourcesBuildPhase section */

/* Begin PBXSourcesBuildPhase section */
		8E75C3932AA1AADA003AF74C /* Sources */ = {
			isa = PBXSourcesBuildPhase;
			buildActionMask = 2147483647;
			files = (
				8E75C3B22AA1B0D4003AF74C /* DropBoxManager.swift in Sources */,
				8E75C39F2AA1AADA003AF74C /* ViewController.swift in Sources */,
				8E57A2292AA4FF31000BDCD3 /* FileCell.swift in Sources */,
				8E57A22B2AA50434000BDCD3 /* GSImageViewerController.swift in Sources */,
				8E37E4742AA76882008EE976 /* URL+Extensions.swift in Sources */,
				8E57A2232AA45A04000BDCD3 /* FileListViewController.swift in Sources */,
				8E75C39B2AA1AADA003AF74C /* AppDelegate.swift in Sources */,
				8E57A2252AA45A43000BDCD3 /* FileListViewModel.swift in Sources */,
				8E75C39D2AA1AADA003AF74C /* SceneDelegate.swift in Sources */,
			);
			runOnlyForDeploymentPostprocessing = 0;
		};
/* End PBXSourcesBuildPhase section */

/* Begin PBXVariantGroup section */
		8E75C3A02AA1AADA003AF74C /* Main.storyboard */ = {
			isa = PBXVariantGroup;
			children = (
				8E75C3A12AA1AADA003AF74C /* Base */,
			);
			name = Main.storyboard;
			sourceTree = "<group>";
		};
		8E75C3A52AA1AADB003AF74C /* LaunchScreen.storyboard */ = {
			isa = PBXVariantGroup;
			children = (
				8E75C3A62AA1AADB003AF74C /* Base */,
			);
			name = LaunchScreen.storyboard;
			sourceTree = "<group>";
		};
/* End PBXVariantGroup section */

/* Begin XCBuildConfiguration section */
		8E75C3A92AA1AADB003AF74C /* Debug */ = {
			isa = XCBuildConfiguration;
			buildSettings = {
				ALWAYS_SEARCH_USER_PATHS = NO;
				CLANG_ANALYZER_NONNULL = YES;
				CLANG_ANALYZER_NUMBER_OBJECT_CONVERSION = YES_AGGRESSIVE;
				CLANG_CXX_LANGUAGE_STANDARD = "gnu++20";
				CLANG_ENABLE_MODULES = YES;
				CLANG_ENABLE_OBJC_ARC = YES;
				CLANG_ENABLE_OBJC_WEAK = YES;
				CLANG_WARN_BLOCK_CAPTURE_AUTORELEASING = YES;
				CLANG_WARN_BOOL_CONVERSION = YES;
				CLANG_WARN_COMMA = YES;
				CLANG_WARN_CONSTANT_CONVERSION = YES;
				CLANG_WARN_DEPRECATED_OBJC_IMPLEMENTATIONS = YES;
				CLANG_WARN_DIRECT_OBJC_ISA_USAGE = YES_ERROR;
				CLANG_WARN_DOCUMENTATION_COMMENTS = YES;
				CLANG_WARN_EMPTY_BODY = YES;
				CLANG_WARN_ENUM_CONVERSION = YES;
				CLANG_WARN_INFINITE_RECURSION = YES;
				CLANG_WARN_INT_CONVERSION = YES;
				CLANG_WARN_NON_LITERAL_NULL_CONVERSION = YES;
				CLANG_WARN_OBJC_IMPLICIT_RETAIN_SELF = YES;
				CLANG_WARN_OBJC_LITERAL_CONVERSION = YES;
				CLANG_WARN_OBJC_ROOT_CLASS = YES_ERROR;
				CLANG_WARN_QUOTED_INCLUDE_IN_FRAMEWORK_HEADER = YES;
				CLANG_WARN_RANGE_LOOP_ANALYSIS = YES;
				CLANG_WARN_STRICT_PROTOTYPES = YES;
				CLANG_WARN_SUSPICIOUS_MOVE = YES;
				CLANG_WARN_UNGUARDED_AVAILABILITY = YES_AGGRESSIVE;
				CLANG_WARN_UNREACHABLE_CODE = YES;
				CLANG_WARN__DUPLICATE_METHOD_MATCH = YES;
				COPY_PHASE_STRIP = NO;
				DEBUG_INFORMATION_FORMAT = dwarf;
				ENABLE_STRICT_OBJC_MSGSEND = YES;
				ENABLE_TESTABILITY = YES;
				GCC_C_LANGUAGE_STANDARD = gnu11;
				GCC_DYNAMIC_NO_PIC = NO;
				GCC_NO_COMMON_BLOCKS = YES;
				GCC_OPTIMIZATION_LEVEL = 0;
				GCC_PREPROCESSOR_DEFINITIONS = (
					"DEBUG=1",
					"$(inherited)",
				);
				GCC_WARN_64_TO_32_BIT_CONVERSION = YES;
				GCC_WARN_ABOUT_RETURN_TYPE = YES_ERROR;
				GCC_WARN_UNDECLARED_SELECTOR = YES;
				GCC_WARN_UNINITIALIZED_AUTOS = YES_AGGRESSIVE;
				GCC_WARN_UNUSED_FUNCTION = YES;
				GCC_WARN_UNUSED_VARIABLE = YES;
				IPHONEOS_DEPLOYMENT_TARGET = 16.4;
				MTL_ENABLE_DEBUG_INFO = INCLUDE_SOURCE;
				MTL_FAST_MATH = YES;
				ONLY_ACTIVE_ARCH = YES;
				SDKROOT = iphoneos;
				SWIFT_ACTIVE_COMPILATION_CONDITIONS = DEBUG;
				SWIFT_OPTIMIZATION_LEVEL = "-Onone";
			};
			name = Debug;
		};
		8E75C3AA2AA1AADB003AF74C /* Release */ = {
			isa = XCBuildConfiguration;
			buildSettings = {
				ALWAYS_SEARCH_USER_PATHS = NO;
				CLANG_ANALYZER_NONNULL = YES;
				CLANG_ANALYZER_NUMBER_OBJECT_CONVERSION = YES_AGGRESSIVE;
				CLANG_CXX_LANGUAGE_STANDARD = "gnu++20";
				CLANG_ENABLE_MODULES = YES;
				CLANG_ENABLE_OBJC_ARC = YES;
				CLANG_ENABLE_OBJC_WEAK = YES;
				CLANG_WARN_BLOCK_CAPTURE_AUTORELEASING = YES;
				CLANG_WARN_BOOL_CONVERSION = YES;
				CLANG_WARN_COMMA = YES;
				CLANG_WARN_CONSTANT_CONVERSION = YES;
				CLANG_WARN_DEPRECATED_OBJC_IMPLEMENTATIONS = YES;
				CLANG_WARN_DIRECT_OBJC_ISA_USAGE = YES_ERROR;
				CLANG_WARN_DOCUMENTATION_COMMENTS = YES;
				CLANG_WARN_EMPTY_BODY = YES;
				CLANG_WARN_ENUM_CONVERSION = YES;
				CLANG_WARN_INFINITE_RECURSION = YES;
				CLANG_WARN_INT_CONVERSION = YES;
				CLANG_WARN_NON_LITERAL_NULL_CONVERSION = YES;
				CLANG_WARN_OBJC_IMPLICIT_RETAIN_SELF = YES;
				CLANG_WARN_OBJC_LITERAL_CONVERSION = YES;
				CLANG_WARN_OBJC_ROOT_CLASS = YES_ERROR;
				CLANG_WARN_QUOTED_INCLUDE_IN_FRAMEWORK_HEADER = YES;
				CLANG_WARN_RANGE_LOOP_ANALYSIS = YES;
				CLANG_WARN_STRICT_PROTOTYPES = YES;
				CLANG_WARN_SUSPICIOUS_MOVE = YES;
				CLANG_WARN_UNGUARDED_AVAILABILITY = YES_AGGRESSIVE;
				CLANG_WARN_UNREACHABLE_CODE = YES;
				CLANG_WARN__DUPLICATE_METHOD_MATCH = YES;
				COPY_PHASE_STRIP = NO;
				DEBUG_INFORMATION_FORMAT = "dwarf-with-dsym";
				ENABLE_NS_ASSERTIONS = NO;
				ENABLE_STRICT_OBJC_MSGSEND = YES;
				GCC_C_LANGUAGE_STANDARD = gnu11;
				GCC_NO_COMMON_BLOCKS = YES;
				GCC_WARN_64_TO_32_BIT_CONVERSION = YES;
				GCC_WARN_ABOUT_RETURN_TYPE = YES_ERROR;
				GCC_WARN_UNDECLARED_SELECTOR = YES;
				GCC_WARN_UNINITIALIZED_AUTOS = YES_AGGRESSIVE;
				GCC_WARN_UNUSED_FUNCTION = YES;
				GCC_WARN_UNUSED_VARIABLE = YES;
				IPHONEOS_DEPLOYMENT_TARGET = 16.4;
				MTL_ENABLE_DEBUG_INFO = NO;
				MTL_FAST_MATH = YES;
				SDKROOT = iphoneos;
				SWIFT_COMPILATION_MODE = wholemodule;
				SWIFT_OPTIMIZATION_LEVEL = "-O";
				VALIDATE_PRODUCT = YES;
			};
			name = Release;
		};
		8E75C3AC2AA1AADB003AF74C /* Debug */ = {
			isa = XCBuildConfiguration;
			buildSettings = {
				ASSETCATALOG_COMPILER_APPICON_NAME = AppIcon;
				ASSETCATALOG_COMPILER_GLOBAL_ACCENT_COLOR_NAME = AccentColor;
				CODE_SIGN_STYLE = Automatic;
				CURRENT_PROJECT_VERSION = 1;
				DEVELOPMENT_TEAM = 99RMQYGPTX;
				GENERATE_INFOPLIST_FILE = YES;
				INFOPLIST_FILE = Media_viewer/Info.plist;
				INFOPLIST_KEY_UIApplicationSupportsIndirectInputEvents = YES;
				INFOPLIST_KEY_UILaunchStoryboardName = LaunchScreen;
				INFOPLIST_KEY_UIMainStoryboardFile = Main;
				INFOPLIST_KEY_UISupportedInterfaceOrientations_iPad = "UIInterfaceOrientationPortrait UIInterfaceOrientationPortraitUpsideDown UIInterfaceOrientationLandscapeLeft UIInterfaceOrientationLandscapeRight";
				INFOPLIST_KEY_UISupportedInterfaceOrientations_iPhone = "UIInterfaceOrientationPortrait UIInterfaceOrientationLandscapeLeft UIInterfaceOrientationLandscapeRight";
				IPHONEOS_DEPLOYMENT_TARGET = 15.0;
				LD_RUNPATH_SEARCH_PATHS = (
					"$(inherited)",
					"@executable_path/Frameworks",
				);
				MARKETING_VERSION = 1.0;
				PRODUCT_BUNDLE_IDENTIFIER = "com.app.toysboys.Media-viewer";
				PRODUCT_NAME = "$(TARGET_NAME)";
				SWIFT_EMIT_LOC_STRINGS = YES;
				SWIFT_VERSION = 5.0;
				TARGETED_DEVICE_FAMILY = "1,2";
			};
			name = Debug;
		};
		8E75C3AD2AA1AADB003AF74C /* Release */ = {
			isa = XCBuildConfiguration;
			buildSettings = {
				ASSETCATALOG_COMPILER_APPICON_NAME = AppIcon;
				ASSETCATALOG_COMPILER_GLOBAL_ACCENT_COLOR_NAME = AccentColor;
				CODE_SIGN_STYLE = Automatic;
				CURRENT_PROJECT_VERSION = 1;
				DEVELOPMENT_TEAM = 99RMQYGPTX;
				GENERATE_INFOPLIST_FILE = YES;
				INFOPLIST_FILE = Media_viewer/Info.plist;
				INFOPLIST_KEY_UIApplicationSupportsIndirectInputEvents = YES;
				INFOPLIST_KEY_UILaunchStoryboardName = LaunchScreen;
				INFOPLIST_KEY_UIMainStoryboardFile = Main;
				INFOPLIST_KEY_UISupportedInterfaceOrientations_iPad = "UIInterfaceOrientationPortrait UIInterfaceOrientationPortraitUpsideDown UIInterfaceOrientationLandscapeLeft UIInterfaceOrientationLandscapeRight";
				INFOPLIST_KEY_UISupportedInterfaceOrientations_iPhone = "UIInterfaceOrientationPortrait UIInterfaceOrientationLandscapeLeft UIInterfaceOrientationLandscapeRight";
				IPHONEOS_DEPLOYMENT_TARGET = 15.0;
				LD_RUNPATH_SEARCH_PATHS = (
					"$(inherited)",
					"@executable_path/Frameworks",
				);
				MARKETING_VERSION = 1.0;
				PRODUCT_BUNDLE_IDENTIFIER = "com.app.toysboys.Media-viewer";
				PRODUCT_NAME = "$(TARGET_NAME)";
				SWIFT_EMIT_LOC_STRINGS = YES;
				SWIFT_VERSION = 5.0;
				TARGETED_DEVICE_FAMILY = "1,2";
			};
			name = Release;
		};
/* End XCBuildConfiguration section */

/* Begin XCConfigurationList section */
		8E75C3922AA1AADA003AF74C /* Build configuration list for PBXProject "Media_viewer" */ = {
			isa = XCConfigurationList;
			buildConfigurations = (
				8E75C3A92AA1AADB003AF74C /* Debug */,
				8E75C3AA2AA1AADB003AF74C /* Release */,
			);
			defaultConfigurationIsVisible = 0;
			defaultConfigurationName = Release;
		};
		8E75C3AB2AA1AADB003AF74C /* Build configuration list for PBXNativeTarget "Media_viewer" */ = {
			isa = XCConfigurationList;
			buildConfigurations = (
				8E75C3AC2AA1AADB003AF74C /* Debug */,
				8E75C3AD2AA1AADB003AF74C /* Release */,
			);
			defaultConfigurationIsVisible = 0;
			defaultConfigurationName = Release;
		};
/* End XCConfigurationList section */

/* Begin XCRemoteSwiftPackageReference section */
		8E37E4752AA9B4D6008EE976 /* XCRemoteSwiftPackageReference "ios_sdk" */ = {
			isa = XCRemoteSwiftPackageReference;
			repositoryURL = "https://github.com/adjust/ios_sdk";
			requirement = {
				branch = master;
				kind = branch;
			};
		};
		8E75C3AE2AA1AD76003AF74C /* XCRemoteSwiftPackageReference "SwiftyDropbox" */ = {
			isa = XCRemoteSwiftPackageReference;
			repositoryURL = "https://github.com/dropbox/SwiftyDropbox.git";
			requirement = {
				kind = upToNextMajorVersion;
				minimumVersion = 9.0.0;
			};
		};
/* End XCRemoteSwiftPackageReference section */

/* Begin XCSwiftPackageProductDependency section */
		8E37E4762AA9B4D6008EE976 /* Adjust */ = {
			isa = XCSwiftPackageProductDependency;
			package = 8E37E4752AA9B4D6008EE976 /* XCRemoteSwiftPackageReference "ios_sdk" */;
			productName = Adjust;
		};
		8E37E4782AA9B4D6008EE976 /* Criteo */ = {
			isa = XCSwiftPackageProductDependency;
			package = 8E37E4752AA9B4D6008EE976 /* XCRemoteSwiftPackageReference "ios_sdk" */;
			productName = Criteo;
		};
		8E37E47A2AA9B4D6008EE976 /* Sociomantic */ = {
			isa = XCSwiftPackageProductDependency;
			package = 8E37E4752AA9B4D6008EE976 /* XCRemoteSwiftPackageReference "ios_sdk" */;
			productName = Sociomantic;
		};
		8E37E47C2AA9B4D6008EE976 /* Trademob */ = {
			isa = XCSwiftPackageProductDependency;
			package = 8E37E4752AA9B4D6008EE976 /* XCRemoteSwiftPackageReference "ios_sdk" */;
			productName = Trademob;
		};
		8E37E47E2AA9B4D6008EE976 /* WebBridge */ = {
			isa = XCSwiftPackageProductDependency;
			package = 8E37E4752AA9B4D6008EE976 /* XCRemoteSwiftPackageReference "ios_sdk" */;
			productName = WebBridge;
		};
		8E75C3AF2AA1AD76003AF74C /* SwiftyDropbox */ = {
			isa = XCSwiftPackageProductDependency;
			package = 8E75C3AE2AA1AD76003AF74C /* XCRemoteSwiftPackageReference "SwiftyDropbox" */;
			productName = SwiftyDropbox;
		};
/* End XCSwiftPackageProductDependency section */
	};
	rootObject = 8E75C38F2AA1AADA003AF74C /* Project object */;
}
